<Solution>
  <Folder Name="/src/">
    <Project Path="src/Api/Api.csproj" />
    <Project Path="src/Application/Application.csproj" Id="3734f92e-fe68-428b-9bda-417433d6443c" />
    <Project Path="src/Domain/Domain.csproj" Id="34fd4c20-f23c-40fa-acd4-eb9203929578" />
  </Folder>
  <Folder Name="/tests/">
    <Project Path="tests/Tests/Tests.csproj" Id="8d975b6c-e5f5-4c4e-a426-f6b3a23c1fd7" />
  </Folder>
  <Project Path="docker-compose.dcproj">
    <Build />
  </Project>
</Solution>
